// !$*UTF8*$!
{
	archiveVersion = 1;
	classes = {
	};
	objectVersion = 55;
	objects = {

/* Begin PBXBuildFile section */
		47BB3B642764C01300E6E6A9 /* UI_389App.swift in Sources */ = {isa = PBXBuildFile; fileRef = 47BB3B632764C01300E6E6A9 /* UI_389App.swift */; };
		47BB3B662764C01300E6E6A9 /* ContentView.swift in Sources */ = {isa = PBXBuildFile; fileRef = 47BB3B652764C01300E6E6A9 /* ContentView.swift */; };
		47BB3B682764C01400E6E6A9 /* Assets.xcassets in Resources */ = {isa = PBXBuildFile; fileRef = 47BB3B672764C01400E6E6A9 /* Assets.xcassets */; };
		47BB3B6B2764C01400E6E6A9 /* Preview Assets.xcassets in Resources */ = {isa = PBXBuildFile; fileRef = 47BB3B6A2764C01400E6E6A9 /* Preview Assets.xcassets */; };
		47BB3B752764C01400E6E6A9 /* UI_389Tests.swift in Sources */ = {isa = PBXBuildFile; fileRef = 47BB3B742764C01400E6E6A9 /* UI_389Tests.swift */; };
		47BB3B7F2764C01400E6E6A9 /* UI_389UITests.swift in Sources */ = {isa = PBXBuildFile; fileRef = 47BB3B7E2764C01400E6E6A9 /* UI_389UITests.swift */; };
		47BB3B812764C01400E6E6A9 /* UI_389UITestsLaunchTests.swift in Sources */ = {isa = PBXBuildFile; fileRef = 47BB3B802764C01400E6E6A9 /* UI_389UITestsLaunchTests.swift */; };
		47BB3B902764C04000E6E6A9 /* Home.swift in Sources */ = {isa = PBXBuildFile; fileRef = 47BB3B8F2764C04000E6E6A9 /* Home.swift */; };
		47BB3B922764C13000E6E6A9 /* MainPage.swift in Sources */ = {isa = PBXBuildFile; fileRef = 47BB3B912764C12F00E6E6A9 /* MainPage.swift */; };
		47BB3B942764C14C00E6E6A9 /* SlideView.swift in Sources */ = {isa = PBXBuildFile; fileRef = 47BB3B932764C14C00E6E6A9 /* SlideView.swift */; };
		47BB3B962764CAEB00E6E6A9 /* CustomTabView.swift in Sources */ = {isa = PBXBuildFile; fileRef = 47BB3B952764CAEB00E6E6A9 /* CustomTabView.swift */; };
/* End PBXBuildFile section */

/* Begin PBXContainerItemProxy section */
		47BB3B712764C01400E6E6A9 /* PBXContainerItemProxy */ = {
			isa = PBXContainerItemProxy;
			containerPortal = 47BB3B582764C01300E6E6A9 /* Project object */;
			proxyType = 1;
			remoteGlobalIDString = 47BB3B5F2764C01300E6E6A9;
			remoteInfo = "UI-389";
		};
		47BB3B7B2764C01400E6E6A9 /* PBXContainerItemProxy */ = {
			isa = PBXContainerItemProxy;
			containerPortal = 47BB3B582764C01300E6E6A9 /* Project object */;
			proxyType = 1;
			remoteGlobalIDString = 47BB3B5F2764C01300E6E6A9;
			remoteInfo = "UI-389";
		};
/* End PBXContainerItemProxy section */

/* Begin PBXFileReference section */
		47BB3B602764C01300E6E6A9 /* UI-389.app */ = {isa = PBXFileReference; explicitFileType = wrapper.application; includeInIndex = 0; path = "UI-389.app"; sourceTree = BUILT_PRODUCTS_DIR; };
		47BB3B632764C01300E6E6A9 /* UI_389App.swift */ = {isa = PBXFileReference; lastKnownFileType = sourcecode.swift; path = UI_389App.swift; sourceTree = "<group>"; };
		47BB3B652764C01300E6E6A9 /* ContentView.swift */ = {isa = PBXFileReference; lastKnownFileType = sourcecode.swift; path = ContentView.swift; sourceTree = "<group>"; };
		47BB3B672764C01400E6E6A9 /* Assets.xcassets */ = {isa = PBXFileReference; lastKnownFileType = folder.assetcatalog; path = Assets.xcassets; sourceTree = "<group>"; };
		47BB3B6A2764C01400E6E6A9 /* Preview Assets.xcassets */ = {isa = PBXFileReference; lastKnownFileType = folder.assetcatalog; path = "Preview Assets.xcassets"; sourceTree = "<group>"; };
		47BB3B702764C01400E6E6A9 /* UI-389Tests.xctest */ = {isa = PBXFileReference; explicitFileType = wrapper.cfbundle; includeInIndex = 0; path = "UI-389Tests.xctest"; sourceTree = BUILT_PRODUCTS_DIR; };
		47BB3B742764C01400E6E6A9 /* UI_389Tests.swift */ = {isa = PBXFileReference; lastKnownFileType = sourcecode.swift; path = UI_389Tests.swift; sourceTree = "<group>"; };
		47BB3B7A2764C01400E6E6A9 /* UI-389UITests.xctest */ = {isa = PBXFileReference; explicitFileType = wrapper.cfbundle; includeInIndex = 0; path = "UI-389UITests.xctest"; sourceTree = BUILT_PRODUCTS_DIR; };
		47BB3B7E2764C01400E6E6A9 /* UI_389UITests.swift */ = {isa = PBXFileReference; lastKnownFileType = sourcecode.swift; path = UI_389UITests.swift; sourceTree = "<group>"; };
		47BB3B802764C01400E6E6A9 /* UI_389UITestsLaunchTests.swift */ = {isa = PBXFileReference; lastKnownFileType = sourcecode.swift; path = UI_389UITestsLaunchTests.swift; sourceTree = "<group>"; };
		47BB3B8F2764C04000E6E6A9 /* Home.swift */ = {isa = PBXFileReference; lastKnownFileType = sourcecode.swift; path = Home.swift; sourceTree = "<group>"; };
		47BB3B912764C12F00E6E6A9 /* MainPage.swift */ = {isa = PBXFileReference; lastKnownFileType = sourcecode.swift; path = MainPage.swift; sourceTree = "<group>"; };
		47BB3B932764C14C00E6E6A9 /* SlideView.swift */ = {isa = PBXFileReference; lastKnownFileType = sourcecode.swift; path = SlideView.swift; sourceTree = "<group>"; };
		47BB3B952764CAEB00E6E6A9 /* CustomTabView.swift */ = {isa = PBXFileReference; lastKnownFileType = sourcecode.swift; path = CustomTabView.swift; sourceTree = "<group>"; };
/* End PBXFileReference section */

/* Begin PBXFrameworksBuildPhase section */
		47BB3B5D2764C01300E6E6A9 /* Frameworks */ = {
			isa = PBXFrameworksBuildPhase;
			buildActionMask = 2147483647;
			files = (
			);
			runOnlyForDeploymentPostprocessing = 0;
		};
		47BB3B6D2764C01400E6E6A9 /* Frameworks */ = {
			isa = PBXFrameworksBuildPhase;
			buildActionMask = 2147483647;
			files = (
			);
			runOnlyForDeploymentPostprocessing = 0;
		};
		47BB3B772764C01400E6E6A9 /* Frameworks */ = {
			isa = PBXFrameworksBuildPhase;
			buildActionMask = 2147483647;
			files = (
			);
			runOnlyForDeploymentPostprocessing = 0;
		};
/* End PBXFrameworksBuildPhase section */

/* Begin PBXGroup section */
		47BB3B572764C01300E6E6A9 = {
			isa = PBXGroup;
			children = (
				47BB3B622764C01300E6E6A9 /* UI-389 */,
				47BB3B732764C01400E6E6A9 /* UI-389Tests */,
				47BB3B7D2764C01400E6E6A9 /* UI-389UITests */,
				47BB3B612764C01300E6E6A9 /* Products */,
			);
			sourceTree = "<group>";
		};
		47BB3B612764C01300E6E6A9 /* Products */ = {
			isa = PBXGroup;
			children = (
				47BB3B602764C01300E6E6A9 /* UI-389.app */,
				47BB3B702764C01400E6E6A9 /* UI-389Tests.xctest */,
				47BB3B7A2764C01400E6E6A9 /* UI-389UITests.xctest */,
			);
			name = Products;
			sourceTree = "<group>";
		};
		47BB3B622764C01300E6E6A9 /* UI-389 */ = {
			isa = PBXGroup;
			children = (
				47BB3B8D2764C02B00E6E6A9 /* View */,
				47BB3B632764C01300E6E6A9 /* UI_389App.swift */,
				47BB3B652764C01300E6E6A9 /* ContentView.swift */,
				47BB3B672764C01400E6E6A9 /* Assets.xcassets */,
				47BB3B692764C01400E6E6A9 /* Preview Content */,
			);
			path = "UI-389";
			sourceTree = "<group>";
		};
		47BB3B692764C01400E6E6A9 /* Preview Content */ = {
			isa = PBXGroup;
			children = (
				47BB3B6A2764C01400E6E6A9 /* Preview Assets.xcassets */,
			);
			path = "Preview Content";
			sourceTree = "<group>";
		};
		47BB3B732764C01400E6E6A9 /* UI-389Tests */ = {
			isa = PBXGroup;
			children = (
				47BB3B742764C01400E6E6A9 /* UI_389Tests.swift */,
			);
			path = "UI-389Tests";
			sourceTree = "<group>";
		};
		47BB3B7D2764C01400E6E6A9 /* UI-389UITests */ = {
			isa = PBXGroup;
			children = (
				47BB3B7E2764C01400E6E6A9 /* UI_389UITests.swift */,
				47BB3B802764C01400E6E6A9 /* UI_389UITestsLaunchTests.swift */,
			);
			path = "UI-389UITests";
			sourceTree = "<group>";
		};
		47BB3B8D2764C02B00E6E6A9 /* View */ = {
			isa = PBXGroup;
			children = (
				47BB3B8E2764C03800E6E6A9 /* Tabs */,
				47BB3B912764C12F00E6E6A9 /* MainPage.swift */,
				47BB3B952764CAEB00E6E6A9 /* CustomTabView.swift */,
				47BB3B932764C14C00E6E6A9 /* SlideView.swift */,
			);
			path = View;
			sourceTree = "<group>";
		};
		47BB3B8E2764C03800E6E6A9 /* Tabs */ = {
			isa = PBXGroup;
			children = (
				47BB3B8F2764C04000E6E6A9 /* Home.swift */,
			);
			path = Tabs;
			sourceTree = "<group>";
		};
/* End PBXGroup section */

/* Begin PBXNativeTarget section */
		47BB3B5F2764C01300E6E6A9 /* UI-389 */ = {
			isa = PBXNativeTarget;
			buildConfigurationList = 47BB3B842764C01400E6E6A9 /* Build configuration list for PBXNativeTarget "UI-389" */;
			buildPhases = (
				47BB3B5C2764C01300E6E6A9 /* Sources */,
				47BB3B5D2764C01300E6E6A9 /* Frameworks */,
				47BB3B5E2764C01300E6E6A9 /* Resources */,
			);
			buildRules = (
			);
			dependencies = (
			);
			name = "UI-389";
			productName = "UI-389";
			productReference = 47BB3B602764C01300E6E6A9 /* UI-389.app */;
			productType = "com.apple.product-type.application";
		};
		47BB3B6F2764C01400E6E6A9 /* UI-389Tests */ = {
			isa = PBXNativeTarget;
			buildConfigurationList = 47BB3B872764C01400E6E6A9 /* Build configuration list for PBXNativeTarget "UI-389Tests" */;
			buildPhases = (
				47BB3B6C2764C01400E6E6A9 /* Sources */,
				47BB3B6D2764C01400E6E6A9 /* Frameworks */,
				47BB3B6E2764C01400E6E6A9 /* Resources */,
			);
			buildRules = (
			);
			dependencies = (
				47BB3B722764C01400E6E6A9 /* PBXTargetDependency */,
			);
			name = "UI-389Tests";
			productName = "UI-389Tests";
			productReference = 47BB3B702764C01400E6E6A9 /* UI-389Tests.xctest */;
			productType = "com.apple.product-type.bundle.unit-test";
		};
		47BB3B792764C01400E6E6A9 /* UI-389UITests */ = {
			isa = PBXNativeTarget;
			buildConfigurationList = 47BB3B8A2764C01400E6E6A9 /* Build configuration list for PBXNativeTarget "UI-389UITests" */;
			buildPhases = (
				47BB3B762764C01400E6E6A9 /* Sources */,
				47BB3B772764C01400E6E6A9 /* Frameworks */,
				47BB3B782764C01400E6E6A9 /* Resources */,
			);
			buildRules = (
			);
			dependencies = (
				47BB3B7C2764C01400E6E6A9 /* PBXTargetDependency */,
			);
			name = "UI-389UITests";
			productName = "UI-389UITests";
			productReference = 47BB3B7A2764C01400E6E6A9 /* UI-389UITests.xctest */;
			productType = "com.apple.product-type.bundle.ui-testing";
		};
/* End PBXNativeTarget section */

/* Begin PBXProject section */
		47BB3B582764C01300E6E6A9 /* Project object */ = {
			isa = PBXProject;
			attributes = {
				BuildIndependentTargetsInParallel = 1;
				LastSwiftUpdateCheck = 1310;
				LastUpgradeCheck = 1310;
				TargetAttributes = {
					47BB3B5F2764C01300E6E6A9 = {
						CreatedOnToolsVersion = 13.1;
					};
					47BB3B6F2764C01400E6E6A9 = {
						CreatedOnToolsVersion = 13.1;
						TestTargetID = 47BB3B5F2764C01300E6E6A9;
					};
					47BB3B792764C01400E6E6A9 = {
						CreatedOnToolsVersion = 13.1;
						TestTargetID = 47BB3B5F2764C01300E6E6A9;
					};
				};
			};
			buildConfigurationList = 47BB3B5B2764C01300E6E6A9 /* Build configuration list for PBXProject "UI-389" */;
			compatibilityVersion = "Xcode 13.0";
			developmentRegion = en;
			hasScannedForEncodings = 0;
			knownRegions = (
				en,
				Base,
			);
			mainGroup = 47BB3B572764C01300E6E6A9;
			productRefGroup = 47BB3B612764C01300E6E6A9 /* Products */;
			projectDirPath = "";
			projectRoot = "";
			targets = (
				47BB3B5F2764C01300E6E6A9 /* UI-389 */,
				47BB3B6F2764C01400E6E6A9 /* UI-389Tests */,
				47BB3B792764C01400E6E6A9 /* UI-389UITests */,
			);
		};
/* End PBXProject section */

/* Begin PBXResourcesBuildPhase section */
		47BB3B5E2764C01300E6E6A9 /* Resources */ = {
			isa = PBXResourcesBuildPhase;
			buildActionMask = 2147483647;
			files = (
				47BB3B6B2764C01400E6E6A9 /* Preview Assets.xcassets in Resources */,
				47BB3B682764C01400E6E6A9 /* Assets.xcassets in Resources */,
			);
			runOnlyForDeploymentPostprocessing = 0;
		};
		47BB3B6E2764C01400E6E6A9 /* Resources */ = {
			isa = PBXResourcesBuildPhase;
			buildActionMask = 2147483647;
			files = (
			);
			runOnlyForDeploymentPostprocessing = 0;
		};
		47BB3B782764C01400E6E6A9 /* Resources */ = {
			isa = PBXResourcesBuildPhase;
			buildActionMask = 2147483647;
			files = (
			);
			runOnlyForDeploymentPostprocessing = 0;
		};
/* End PBXResourcesBuildPhase section */

/* Begin PBXSourcesBuildPhase section */
		47BB3B5C2764C01300E6E6A9 /* Sources */ = {
			isa = PBXSourcesBuildPhase;
			buildActionMask = 2147483647;
			files = (
				47BB3B662764C01300E6E6A9 /* ContentView.swift in Sources */,
				47BB3B902764C04000E6E6A9 /* Home.swift in Sources */,
				47BB3B642764C01300E6E6A9 /* UI_389App.swift in Sources */,
				47BB3B962764CAEB00E6E6A9 /* CustomTabView.swift in Sources */,
				47BB3B922764C13000E6E6A9 /* MainPage.swift in Sources */,
				47BB3B942764C14C00E6E6A9 /* SlideView.swift in Sources */,
			);
			runOnlyForDeploymentPostprocessing = 0;
		};
		47BB3B6C2764C01400E6E6A9 /* Sources */ = {
			isa = PBXSourcesBuildPhase;
			buildActionMask = 2147483647;
			files = (
				47BB3B752764C01400E6E6A9 /* UI_389Tests.swift in Sources */,
			);
			runOnlyForDeploymentPostprocessing = 0;
		};
		47BB3B762764C01400E6E6A9 /* Sources */ = {
			isa = PBXSourcesBuildPhase;
			buildActionMask = 2147483647;
			files = (
				47BB3B7F2764C01400E6E6A9 /* UI_389UITests.swift in Sources */,
				47BB3B812764C01400E6E6A9 /* UI_389UITestsLaunchTests.swift in Sources */,
			);
			runOnlyForDeploymentPostprocessing = 0;
		};
/* End PBXSourcesBuildPhase section */

/* Begin PBXTargetDependency section */
		47BB3B722764C01400E6E6A9 /* PBXTargetDependency */ = {
			isa = PBXTargetDependency;
			target = 47BB3B5F2764C01300E6E6A9 /* UI-389 */;
			targetProxy = 47BB3B712764C01400E6E6A9 /* PBXContainerItemProxy */;
		};
		47BB3B7C2764C01400E6E6A9 /* PBXTargetDependency */ = {
			isa = PBXTargetDependency;
			target = 47BB3B5F2764C01300E6E6A9 /* UI-389 */;
			targetProxy = 47BB3B7B2764C01400E6E6A9 /* PBXContainerItemProxy */;
		};
/* End PBXTargetDependency section */

/* Begin XCBuildConfiguration section */
		47BB3B822764C01400E6E6A9 /* Debug */ = {
			isa = XCBuildConfiguration;
			buildSettings = {
				ALWAYS_SEARCH_USER_PATHS = NO;
				CLANG_ANALYZER_NONNULL = YES;
				CLANG_ANALYZER_NUMBER_OBJECT_CONVERSION = YES_AGGRESSIVE;
				CLANG_CXX_LANGUAGE_STANDARD = "gnu++17";
				CLANG_CXX_LIBRARY = "libc++";
				CLANG_ENABLE_MODULES = YES;
				CLANG_ENABLE_OBJC_ARC = YES;
				CLANG_ENABLE_OBJC_WEAK = YES;
				CLANG_WARN_BLOCK_CAPTURE_AUTORELEASING = YES;
				CLANG_WARN_BOOL_CONVERSION = YES;
				CLANG_WARN_COMMA = YES;
				CLANG_WARN_CONSTANT_CONVERSION = YES;
				CLANG_WARN_DEPRECATED_OBJC_IMPLEMENTATIONS = YES;
				CLANG_WARN_DIRECT_OBJC_ISA_USAGE = YES_ERROR;
				CLANG_WARN_DOCUMENTATION_COMMENTS = YES;
				CLANG_WARN_EMPTY_BODY = YES;
				CLANG_WARN_ENUM_CONVERSION = YES;
				CLANG_WARN_INFINITE_RECURSION = YES;
				CLANG_WARN_INT_CONVERSION = YES;
				CLANG_WARN_NON_LITERAL_NULL_CONVERSION = YES;
				CLANG_WARN_OBJC_IMPLICIT_RETAIN_SELF = YES;
				CLANG_WARN_OBJC_LITERAL_CONVERSION = YES;
				CLANG_WARN_OBJC_ROOT_CLASS = YES_ERROR;
				CLANG_WARN_QUOTED_INCLUDE_IN_FRAMEWORK_HEADER = YES;
				CLANG_WARN_RANGE_LOOP_ANALYSIS = YES;
				CLANG_WARN_STRICT_PROTOTYPES = YES;
				CLANG_WARN_SUSPICIOUS_MOVE = YES;
				CLANG_WARN_UNGUARDED_AVAILABILITY = YES_AGGRESSIVE;
				CLANG_WARN_UNREACHABLE_CODE = YES;
				CLANG_WARN__DUPLICATE_METHOD_MATCH = YES;
				COPY_PHASE_STRIP = NO;
				DEBUG_INFORMATION_FORMAT = dwarf;
				ENABLE_STRICT_OBJC_MSGSEND = YES;
				ENABLE_TESTABILITY = YES;
				GCC_C_LANGUAGE_STANDARD = gnu11;
				GCC_DYNAMIC_NO_PIC = NO;
				GCC_NO_COMMON_BLOCKS = YES;
				GCC_OPTIMIZATION_LEVEL = 0;
				GCC_PREPROCESSOR_DEFINITIONS = (
					"DEBUG=1",
					"$(inherited)",
				);
				GCC_WARN_64_TO_32_BIT_CONVERSION = YES;
				GCC_WARN_ABOUT_RETURN_TYPE = YES_ERROR;
				GCC_WARN_UNDECLARED_SELECTOR = YES;
				GCC_WARN_UNINITIALIZED_AUTOS = YES_AGGRESSIVE;
				GCC_WARN_UNUSED_FUNCTION = YES;
				GCC_WARN_UNUSED_VARIABLE = YES;
				IPHONEOS_DEPLOYMENT_TARGET = 15.0;
				MTL_ENABLE_DEBUG_INFO = INCLUDE_SOURCE;
				MTL_FAST_MATH = YES;
				ONLY_ACTIVE_ARCH = YES;
				SDKROOT = iphoneos;
				SWIFT_ACTIVE_COMPILATION_CONDITIONS = DEBUG;
				SWIFT_OPTIMIZATION_LEVEL = "-Onone";
			};
			name = Debug;
		};
		47BB3B832764C01400E6E6A9 /* Release */ = {
			isa = XCBuildConfiguration;
			buildSettings = {
				ALWAYS_SEARCH_USER_PATHS = NO;
				CLANG_ANALYZER_NONNULL = YES;
				CLANG_ANALYZER_NUMBER_OBJECT_CONVERSION = YES_AGGRESSIVE;
				CLANG_CXX_LANGUAGE_STANDARD = "gnu++17";
				CLANG_CXX_LIBRARY = "libc++";
				CLANG_ENABLE_MODULES = YES;
				CLANG_ENABLE_OBJC_ARC = YES;
				CLANG_ENABLE_OBJC_WEAK = YES;
				CLANG_WARN_BLOCK_CAPTURE_AUTORELEASING = YES;
				CLANG_WARN_BOOL_CONVERSION = YES;
				CLANG_WARN_COMMA = YES;
				CLANG_WARN_CONSTANT_CONVERSION = YES;
				CLANG_WARN_DEPRECATED_OBJC_IMPLEMENTATIONS = YES;
				CLANG_WARN_DIRECT_OBJC_ISA_USAGE = YES_ERROR;
				CLANG_WARN_DOCUMENTATION_COMMENTS = YES;
				CLANG_WARN_EMPTY_BODY = YES;
				CLANG_WARN_ENUM_CONVERSION = YES;
				CLANG_WARN_INFINITE_RECURSION = YES;
				CLANG_WARN_INT_CONVERSION = YES;
				CLANG_WARN_NON_LITERAL_NULL_CONVERSION = YES;
				CLANG_WARN_OBJC_IMPLICIT_RETAIN_SELF = YES;
				CLANG_WARN_OBJC_LITERAL_CONVERSION = YES;
				CLANG_WARN_OBJC_ROOT_CLASS = YES_ERROR;
				CLANG_WARN_QUOTED_INCLUDE_IN_FRAMEWORK_HEADER = YES;
				CLANG_WARN_RANGE_LOOP_ANALYSIS = YES;
				CLANG_WARN_STRICT_PROTOTYPES = YES;
				CLANG_WARN_SUSPICIOUS_MOVE = YES;
				CLANG_WARN_UNGUARDED_AVAILABILITY = YES_AGGRESSIVE;
				CLANG_WARN_UNREACHABLE_CODE = YES;
				CLANG_WARN__DUPLICATE_METHOD_MATCH = YES;
				COPY_PHASE_STRIP = NO;
				DEBUG_INFORMATION_FORMAT = "dwarf-with-dsym";
				ENABLE_NS_ASSERTIONS = NO;
				ENABLE_STRICT_OBJC_MSGSEND = YES;
				GCC_C_LANGUAGE_STANDARD = gnu11;
				GCC_NO_COMMON_BLOCKS = YES;
				GCC_WARN_64_TO_32_BIT_CONVERSION = YES;
				GCC_WARN_ABOUT_RETURN_TYPE = YES_ERROR;
				GCC_WARN_UNDECLARED_SELECTOR = YES;
				GCC_WARN_UNINITIALIZED_AUTOS = YES_AGGRESSIVE;
				GCC_WARN_UNUSED_FUNCTION = YES;
				GCC_WARN_UNUSED_VARIABLE = YES;
				IPHONEOS_DEPLOYMENT_TARGET = 15.0;
				MTL_ENABLE_DEBUG_INFO = NO;
				MTL_FAST_MATH = YES;
				SDKROOT = iphoneos;
				SWIFT_COMPILATION_MODE = wholemodule;
				SWIFT_OPTIMIZATION_LEVEL = "-O";
				VALIDATE_PRODUCT = YES;
			};
			name = Release;
		};
		47BB3B852764C01400E6E6A9 /* Debug */ = {
			isa = XCBuildConfiguration;
			buildSettings = {
				ASSETCATALOG_COMPILER_APPICON_NAME = AppIcon;
				ASSETCATALOG_COMPILER_GLOBAL_ACCENT_COLOR_NAME = AccentColor;
				CODE_SIGN_STYLE = Automatic;
				CURRENT_PROJECT_VERSION = 1;
				DEVELOPMENT_ASSET_PATHS = "\"UI-389/Preview Content\"";
				DEVELOPMENT_TEAM = 8CL4U468K5;
				ENABLE_PREVIEWS = YES;
				GENERATE_INFOPLIST_FILE = YES;
				INFOPLIST_KEY_UIApplicationSceneManifest_Generation = YES;
				INFOPLIST_KEY_UIApplicationSupportsIndirectInputEvents = YES;
				INFOPLIST_KEY_UILaunchScreen_Generation = YES;
				INFOPLIST_KEY_UISupportedInterfaceOrientations_iPad = "UIInterfaceOrientationPortrait UIInterfaceOrientationPortraitUpsideDown UIInterfaceOrientationLandscapeLeft UIInterfaceOrientationLandscapeRight";
				INFOPLIST_KEY_UISupportedInterfaceOrientations_iPhone = "UIInterfaceOrientationPortrait UIInterfaceOrientationLandscapeLeft UIInterfaceOrientationLandscapeRight";
				LD_RUNPATH_SEARCH_PATHS = (
					"$(inherited)",
					"@executable_path/Frameworks",
				);
				MARKETING_VERSION = 1.0;
				PRODUCT_BUNDLE_IDENTIFIER = "com.585.UI-389";
				PRODUCT_NAME = "$(TARGET_NAME)";
				SWIFT_EMIT_LOC_STRINGS = YES;
				SWIFT_VERSION = 5.0;
				TARGETED_DEVICE_FAMILY = "1,2";
			};
			name = Debug;
		};
		47BB3B862764C01400E6E6A9 /* Release */ = {
			isa = XCBuildConfiguration;
			buildSettings = {
				ASSETCATALOG_COMPILER_APPICON_NAME = AppIcon;
				ASSETCATALOG_COMPILER_GLOBAL_ACCENT_COLOR_NAME = AccentColor;
				CODE_SIGN_STYLE = Automatic;
				CURRENT_PROJECT_VERSION = 1;
				DEVELOPMENT_ASSET_PATHS = "\"UI-389/Preview Content\"";
				DEVELOPMENT_TEAM = 8CL4U468K5;
				ENABLE_PREVIEWS = YES;
				GENERATE_INFOPLIST_FILE = YES;
				INFOPLIST_KEY_UIApplicationSceneManifest_Generation = YES;
				INFOPLIST_KEY_UIApplicationSupportsIndirectInputEvents = YES;
				INFOPLIST_KEY_UILaunchScreen_Generation = YES;
				INFOPLIST_KEY_UISupportedInterfaceOrientations_iPad = "UIInterfaceOrientationPortrait UIInterfaceOrientationPortraitUpsideDown UIInterfaceOrientationLandscapeLeft UIInterfaceOrientationLandscapeRight";
				INFOPLIST_KEY_UISupportedInterfaceOrientations_iPhone = "UIInterfaceOrientationPortrait UIInterfaceOrientationLandscapeLeft UIInterfaceOrientationLandscapeRight";
				LD_RUNPATH_SEARCH_PATHS = (
					"$(inherited)",
					"@executable_path/Frameworks",
				);
				MARKETING_VERSION = 1.0;
				PRODUCT_BUNDLE_IDENTIFIER = "com.585.UI-389";
				PRODUCT_NAME = "$(TARGET_NAME)";
				SWIFT_EMIT_LOC_STRINGS = YES;
				SWIFT_VERSION = 5.0;
				TARGETED_DEVICE_FAMILY = "1,2";
			};
			name = Release;
		};
		47BB3B882764C01400E6E6A9 /* Debug */ = {
			isa = XCBuildConfiguration;
			buildSettings = {
				ALWAYS_EMBED_SWIFT_STANDARD_LIBRARIES = YES;
				BUNDLE_LOADER = "$(TEST_HOST)";
				CODE_SIGN_STYLE = Automatic;
				CURRENT_PROJECT_VERSION = 1;
				DEVELOPMENT_TEAM = 8CL4U468K5;
				GENERATE_INFOPLIST_FILE = YES;
				IPHONEOS_DEPLOYMENT_TARGET = 15.0;
				LD_RUNPATH_SEARCH_PATHS = (
					"$(inherited)",
					"@executable_path/Frameworks",
					"@loader_path/Frameworks",
				);
				MARKETING_VERSION = 1.0;
				PRODUCT_BUNDLE_IDENTIFIER = "com.585.UI-389Tests";
				PRODUCT_NAME = "$(TARGET_NAME)";
				SWIFT_EMIT_LOC_STRINGS = NO;
				SWIFT_VERSION = 5.0;
				TARGETED_DEVICE_FAMILY = "1,2";
				TEST_HOST = "$(BUILT_PRODUCTS_DIR)/UI-389.app/UI-389";
			};
			name = Debug;
		};
		47BB3B892764C01400E6E6A9 /* Release */ = {
			isa = XCBuildConfiguration;
			buildSettings = {
				ALWAYS_EMBED_SWIFT_STANDARD_LIBRARIES = YES;
				BUNDLE_LOADER = "$(TEST_HOST)";
				CODE_SIGN_STYLE = Automatic;
				CURRENT_PROJECT_VERSION = 1;
				DEVELOPMENT_TEAM = 8CL4U468K5;
				GENERATE_INFOPLIST_FILE = YES;
				IPHONEOS_DEPLOYMENT_TARGET = 15.0;
				LD_RUNPATH_SEARCH_PATHS = (
					"$(inherited)",
					"@executable_path/Frameworks",
					"@loader_path/Frameworks",
				);
				MARKETING_VERSION = 1.0;
				PRODUCT_BUNDLE_IDENTIFIER = "com.585.UI-389Tests";
				PRODUCT_NAME = "$(TARGET_NAME)";
				SWIFT_EMIT_LOC_STRINGS = NO;
				SWIFT_VERSION = 5.0;
				TARGETED_DEVICE_FAMILY = "1,2";
				TEST_HOST = "$(BUILT_PRODUCTS_DIR)/UI-389.app/UI-389";
			};
			name = Release;
		};
		47BB3B8B2764C01400E6E6A9 /* Debug */ = {
			isa = XCBuildConfiguration;
			buildSettings = {
				ALWAYS_EMBED_SWIFT_STANDARD_LIBRARIES = YES;
				CODE_SIGN_STYLE = Automatic;
				CURRENT_PROJECT_VERSION = 1;
				DEVELOPMENT_TEAM = 8CL4U468K5;
				GENERATE_INFOPLIST_FILE = YES;
				LD_RUNPATH_SEARCH_PATHS = (
					"$(inherited)",
					"@executable_path/Frameworks",
					"@loader_path/Frameworks",
				);
				MARKETING_VERSION = 1.0;
				PRODUCT_BUNDLE_IDENTIFIER = "com.585.UI-389UITests";
				PRODUCT_NAME = "$(TARGET_NAME)";
				SWIFT_EMIT_LOC_STRINGS = NO;
				SWIFT_VERSION = 5.0;
				TARGETED_DEVICE_FAMILY = "1,2";
				TEST_TARGET_NAME = "UI-389";
			};
			name = Debug;
		};
		47BB3B8C2764C01400E6E6A9 /* Release */ = {
			isa = XCBuildConfiguration;
			buildSettings = {
				ALWAYS_EMBED_SWIFT_STANDARD_LIBRARIES = YES;
				CODE_SIGN_STYLE = Automatic;
				CURRENT_PROJECT_VERSION = 1;
				DEVELOPMENT_TEAM = 8CL4U468K5;
				GENERATE_INFOPLIST_FILE = YES;
				LD_RUNPATH_SEARCH_PATHS = (
					"$(inherited)",
					"@executable_path/Frameworks",
					"@loader_path/Frameworks",
				);
				MARKETING_VERSION = 1.0;
				PRODUCT_BUNDLE_IDENTIFIER = "com.585.UI-389UITests";
				PRODUCT_NAME = "$(TARGET_NAME)";
				SWIFT_EMIT_LOC_STRINGS = NO;
				SWIFT_VERSION = 5.0;
				TARGETED_DEVICE_FAMILY = "1,2";
				TEST_TARGET_NAME = "UI-389";
			};
			name = Release;
		};
/* End XCBuildConfiguration section */

/* Begin XCConfigurationList section */
		47BB3B5B2764C01300E6E6A9 /* Build configuration list for PBXProject "UI-389" */ = {
			isa = XCConfigurationList;
			buildConfigurations = (
				47BB3B822764C01400E6E6A9 /* Debug */,
				47BB3B832764C01400E6E6A9 /* Release */,
			);
			defaultConfigurationIsVisible = 0;
			defaultConfigurationName = Release;
		};
		47BB3B842764C01400E6E6A9 /* Build configuration list for PBXNativeTarget "UI-389" */ = {
			isa = XCConfigurationList;
			buildConfigurations = (
				47BB3B852764C01400E6E6A9 /* Debug */,
				47BB3B862764C01400E6E6A9 /* Release */,
			);
			defaultConfigurationIsVisible = 0;
			defaultConfigurationName = Release;
		};
		47BB3B872764C01400E6E6A9 /* Build configuration list for PBXNativeTarget "UI-389Tests" */ = {
			isa = XCConfigurationList;
			buildConfigurations = (
				47BB3B882764C01400E6E6A9 /* Debug */,
				47BB3B892764C01400E6E6A9 /* Release */,
			);
			defaultConfigurationIsVisible = 0;
			defaultConfigurationName = Release;
		};
		47BB3B8A2764C01400E6E6A9 /* Build configuration list for PBXNativeTarget "UI-389UITests" */ = {
			isa = XCConfigurationList;
			buildConfigurations = (
				47BB3B8B2764C01400E6E6A9 /* Debug */,
				47BB3B8C2764C01400E6E6A9 /* Release */,
			);
			defaultConfigurationIsVisible = 0;
			defaultConfigurationName = Release;
		};
/* End XCConfigurationList section */
	};
	rootObject = 47BB3B582764C01300E6E6A9 /* Project object */;
}
